
Microsoft Visual Studio Solution File, Format Version 12.00
# Visual Studio Version 17
VisualStudioVersion = 17.13.35825.156 d17.13
MinimumVisualStudioVersion = 10.0.40219.1
Project("{8BC9CEB8-8B4A-11D0-8D11-00A0C91BC942}") = "CSC 326 Lab 3 - Queue and Stack", "CSC 326 Lab 3 - Queue and Stack\CSC 326 Lab 3 - Queue and Stack.vcxproj", "{F6EF7FDD-1264-4D1C-8C08-26485BEA3BEE}"
EndProject
Global
	GlobalSection(SolutionConfigurationPlatforms) = preSolution
		Debug|x64 = Debug|x64
		Debug|x86 = Debug|x86
		Release|x64 = Release|x64
		Release|x86 = Release|x86
	EndGlobalSection
	GlobalSection(ProjectConfigurationPlatforms) = postSolution
		{F6EF7FDD-1264-4D1C-8C08-26485BEA3BEE}.Debug|x64.ActiveCfg = Debug|x64
		{F6EF7FDD-1264-4D1C-8C08-26485BEA3BEE}.Debug|x64.Build.0 = Debug|x64
		{F6EF7FDD-1264-4D1C-8C08-26485BEA3BEE}.Debug|x86.ActiveCfg = Debug|Win32
		{F6EF7FDD-1264-4D1C-8C08-26485BEA3BEE}.Debug|x86.Build.0 = Debug|Win32
		{F6EF7FDD-1264-4D1C-8C08-26485BEA3BEE}.Release|x64.ActiveCfg = Release|x64
		{F6EF7FDD-1264-4D1C-8C08-26485BEA3BEE}.Release|x64.Build.0 = Release|x64
		{F6EF7FDD-1264-4D1C-8C08-26485BEA3BEE}.Release|x86.ActiveCfg = Release|Win32
		{F6EF7FDD-1264-4D1C-8C08-26485BEA3BEE}.Release|x86.Build.0 = Release|Win32
	EndGlobalSection
	GlobalSection(SolutionProperties) = preSolution
		HideSolutionNode = FALSE
	EndGlobalSection
	GlobalSection(ExtensibilityGlobals) = postSolution
		SolutionGuid = {BCED14D6-E326-4A99-A667-8A39C1026BDA}
	EndGlobalSection
EndGlobal
